# This file is autogenerated, do not edit; changes may be undone by the next 'dep ensure'.


[[projects]]
  branch = "master"
  name = "github.com/SebastiaanKlippert/go-wkhtmltopdf"
  packages = ["."]
  revision = "a83074b32240931a3911b718a9c01abef90071c7"

[solve-meta]
  analyzer-name = "dep"
  analyzer-version = 1
  inputs-digest = "6d3d6ffa11b97226ccf2a680108225d249b5b28a2aff458f8aeb2cea7ce80e9b"
  solver-name = "gps-cdcl"
  solver-version = 1
